// !$*UTF8*$!
{
	archiveVersion = 1;
	classes = {
	};
	objectVersion = 46;
	objects = {

/* Begin PBXBuildFile section */
		18F169B01F1C2D6C00BED1A6 /* main.m in Sources */ = {isa = PBXBuildFile; fileRef = 18F169AF1F1C2D6C00BED1A6 /* main.m */; };
		18F169B31F1C2D6C00BED1A6 /* AppDelegate.m in Sources */ = {isa = PBXBuildFile; fileRef = 18F169B21F1C2D6C00BED1A6 /* AppDelegate.m */; };
		18F169B61F1C2D6C00BED1A6 /* ViewController.m in Sources */ = {isa = PBXBuildFile; fileRef = 18F169B51F1C2D6C00BED1A6 /* ViewController.m */; };
		18F169B91F1C2D6C00BED1A6 /* Main.storyboard in Resources */ = {isa = PBXBuildFile; fileRef = 18F169B71F1C2D6C00BED1A6 /* Main.storyboard */; };
		18F169BB1F1C2D6C00BED1A6 /* Assets.xcassets in Resources */ = {isa = PBXBuildFile; fileRef = 18F169BA1F1C2D6C00BED1A6 /* Assets.xcassets */; };
		18F169BE1F1C2D6C00BED1A6 /* LaunchScreen.storyboard in Resources */ = {isa = PBXBuildFile; fileRef = 18F169BC1F1C2D6C00BED1A6 /* LaunchScreen.storyboard */; };
		18F169C71F1C300500BED1A6 /* MapKit.framework in Frameworks */ = {isa = PBXBuildFile; fileRef = 18F169C61F1C300500BED1A6 /* MapKit.framework */; };
/* End PBXBuildFile section */

/* Begin PBXFileReference section */
		18F169AB1F1C2D6C00BED1A6 /* 06-导航画线.app */ = {isa = PBXFileReference; explicitFileType = wrapper.application; includeInIndex = 0; path = "06-导航画线.app"; sourceTree = BUILT_PRODUCTS_DIR; };
		18F169AF1F1C2D6C00BED1A6 /* main.m */ = {isa = PBXFileReference; lastKnownFileType = sourcecode.c.objc; path = main.m; sourceTree = "<group>"; };
		18F169B11F1C2D6C00BED1A6 /* AppDelegate.h */ = {isa = PBXFileReference; lastKnownFileType = sourcecode.c.h; path = AppDelegate.h; sourceTree = "<group>"; };
		18F169B21F1C2D6C00BED1A6 /* AppDelegate.m */ = {isa = PBXFileReference; lastKnownFileType = sourcecode.c.objc; path = AppDelegate.m; sourceTree = "<group>"; };
		18F169B41F1C2D6C00BED1A6 /* ViewController.h */ = {isa = PBXFileReference; lastKnownFileType = sourcecode.c.h; path = ViewController.h; sourceTree = "<group>"; };
		18F169B51F1C2D6C00BED1A6 /* ViewController.m */ = {isa = PBXFileReference; lastKnownFileType = sourcecode.c.objc; path = ViewController.m; sourceTree = "<group>"; };
		18F169B81F1C2D6C00BED1A6 /* Base */ = {isa = PBXFileReference; lastKnownFileType = file.storyboard; name = Base; path = Base.lproj/Main.storyboard; sourceTree = "<group>"; };
		18F169BA1F1C2D6C00BED1A6 /* Assets.xcassets */ = {isa = PBXFileReference; lastKnownFileType = folder.assetcatalog; path = Assets.xcassets; sourceTree = "<group>"; };
		18F169BD1F1C2D6C00BED1A6 /* Base */ = {isa = PBXFileReference; lastKnownFileType = file.storyboard; name = Base; path = Base.lproj/LaunchScreen.storyboard; sourceTree = "<group>"; };
		18F169BF1F1C2D6C00BED1A6 /* Info.plist */ = {isa = PBXFileReference; lastKnownFileType = text.plist.xml; path = Info.plist; sourceTree = "<group>"; };
		18F169C61F1C300500BED1A6 /* MapKit.framework */ = {isa = PBXFileReference; lastKnownFileType = wrapper.framework; name = MapKit.framework; path = System/Library/Frameworks/MapKit.framework; sourceTree = SDKROOT; };
/* End PBXFileReference section */

/* Begin PBXFrameworksBuildPhase section */
		18F169A81F1C2D6C00BED1A6 /* Frameworks */ = {
			isa = PBXFrameworksBuildPhase;
			buildActionMask = 2147483647;
			files = (
				18F169C71F1C300500BED1A6 /* MapKit.framework in Frameworks */,
			);
			runOnlyForDeploymentPostprocessing = 0;
		};
/* End PBXFrameworksBuildPhase section */

/* Begin PBXGroup section */
		18F169A21F1C2D6C00BED1A6 = {
			isa = PBXGroup;
			children = (
				18F169AD1F1C2D6C00BED1A6 /* 06-导航画线 */,
				18F169AC1F1C2D6C00BED1A6 /* Products */,
				18F169C51F1C300500BED1A6 /* Frameworks */,
			);
			sourceTree = "<group>";
		};
		18F169AC1F1C2D6C00BED1A6 /* Products */ = {
			isa = PBXGroup;
			children = (
				18F169AB1F1C2D6C00BED1A6 /* 06-导航画线.app */,
			);
			name = Products;
			sourceTree = "<group>";
		};
		18F169AD1F1C2D6C00BED1A6 /* 06-导航画线 */ = {
			isa = PBXGroup;
			children = (
				18F169B11F1C2D6C00BED1A6 /* AppDelegate.h */,
				18F169B21F1C2D6C00BED1A6 /* AppDelegate.m */,
				18F169B41F1C2D6C00BED1A6 /* ViewController.h */,
				18F169B51F1C2D6C00BED1A6 /* ViewController.m */,
				18F169B71F1C2D6C00BED1A6 /* Main.storyboard */,
				18F169BA1F1C2D6C00BED1A6 /* Assets.xcassets */,
				18F169BC1F1C2D6C00BED1A6 /* LaunchScreen.storyboard */,
				18F169BF1F1C2D6C00BED1A6 /* Info.plist */,
				18F169AE1F1C2D6C00BED1A6 /* Supporting Files */,
			);
			path = "06-导航画线";
			sourceTree = "<group>";
		};
		18F169AE1F1C2D6C00BED1A6 /* Supporting Files */ = {
			isa = PBXGroup;
			children = (
				18F169AF1F1C2D6C00BED1A6 /* main.m */,
			);
			name = "Supporting Files";
			sourceTree = "<group>";
		};
		18F169C51F1C300500BED1A6 /* Frameworks */ = {
			isa = PBXGroup;
			children = (
				18F169C61F1C300500BED1A6 /* MapKit.framework */,
			);
			name = Frameworks;
			sourceTree = "<group>";
		};
/* End PBXGroup section */

/* Begin PBXNativeTarget section */
		18F169AA1F1C2D6C00BED1A6 /* 06-导航画线 */ = {
			isa = PBXNativeTarget;
			buildConfigurationList = 18F169C21F1C2D6C00BED1A6 /* Build configuration list for PBXNativeTarget "06-导航画线" */;
			buildPhases = (
				18F169A71F1C2D6C00BED1A6 /* Sources */,
				18F169A81F1C2D6C00BED1A6 /* Frameworks */,
				18F169A91F1C2D6C00BED1A6 /* Resources */,
			);
			buildRules = (
			);
			dependencies = (
			);
			name = "06-导航画线";
			productName = "06-导航画线";
			productReference = 18F169AB1F1C2D6C00BED1A6 /* 06-导航画线.app */;
			productType = "com.apple.product-type.application";
		};
/* End PBXNativeTarget section */

/* Begin PBXProject section */
		18F169A31F1C2D6C00BED1A6 /* Project object */ = {
			isa = PBXProject;
			attributes = {
				LastUpgradeCheck = 0830;
				ORGANIZATIONNAME = "董立权";
				TargetAttributes = {
					18F169AA1F1C2D6C00BED1A6 = {
						CreatedOnToolsVersion = 8.3.3;
						DevelopmentTeam = 8B72FF4J6K;
						ProvisioningStyle = Automatic;
					};
				};
			};
			buildConfigurationList = 18F169A61F1C2D6C00BED1A6 /* Build configuration list for PBXProject "06-导航画线" */;
			compatibilityVersion = "Xcode 3.2";
			developmentRegion = English;
			hasScannedForEncodings = 0;
			knownRegions = (
				en,
				Base,
			);
			mainGroup = 18F169A21F1C2D6C00BED1A6;
			productRefGroup = 18F169AC1F1C2D6C00BED1A6 /* Products */;
			projectDirPath = "";
			projectRoot = "";
			targets = (
				18F169AA1F1C2D6C00BED1A6 /* 06-导航画线 */,
			);
		};
/* End PBXProject section */

/* Begin PBXResourcesBuildPhase section */
		18F169A91F1C2D6C00BED1A6 /* Resources */ = {
			isa = PBXResourcesBuildPhase;
			buildActionMask = 2147483647;
			files = (
				18F169BE1F1C2D6C00BED1A6 /* LaunchScreen.storyboard in Resources */,
				18F169BB1F1C2D6C00BED1A6 /* Assets.xcassets in Resources */,
				18F169B91F1C2D6C00BED1A6 /* Main.storyboard in Resources */,
			);
			runOnlyForDeploymentPostprocessing = 0;
		};
/* End PBXResourcesBuildPhase section */

/* Begin PBXSourcesBuildPhase section */
		18F169A71F1C2D6C00BED1A6 /* Sources */ = {
			isa = PBXSourcesBuildPhase;
			buildActionMask = 2147483647;
			files = (
				18F169B61F1C2D6C00BED1A6 /* ViewController.m in Sources */,
				18F169B31F1C2D6C00BED1A6 /* AppDelegate.m in Sources */,
				18F169B01F1C2D6C00BED1A6 /* main.m in Sources */,
			);
			runOnlyForDeploymentPostprocessing = 0;
		};
/* End PBXSourcesBuildPhase section */

/* Begin PBXVariantGroup section */
		18F169B71F1C2D6C00BED1A6 /* Main.storyboard */ = {
			isa = PBXVariantGroup;
			children = (
				18F169B81F1C2D6C00BED1A6 /* Base */,
			);
			name = Main.storyboard;
			sourceTree = "<group>";
		};
		18F169BC1F1C2D6C00BED1A6 /* LaunchScreen.storyboard */ = {
			isa = PBXVariantGroup;
			children = (
				18F169BD1F1C2D6C00BED1A6 /* Base */,
			);
			name = LaunchScreen.storyboard;
			sourceTree = "<group>";
		};
/* End PBXVariantGroup section */

/* Begin XCBuildConfiguration section */
		18F169C01F1C2D6C00BED1A6 /* Debug */ = {
			isa = XCBuildConfiguration;
			buildSettings = {
				ALWAYS_SEARCH_USER_PATHS = NO;
				CLANG_ANALYZER_NONNULL = YES;
				CLANG_ANALYZER_NUMBER_OBJECT_CONVERSION = YES_AGGRESSIVE;
				CLANG_CXX_LANGUAGE_STANDARD = "gnu++0x";
				CLANG_CXX_LIBRARY = "libc++";
				CLANG_ENABLE_MODULES = YES;
				CLANG_ENABLE_OBJC_ARC = YES;
				CLANG_WARN_BOOL_CONVERSION = YES;
				CLANG_WARN_CONSTANT_CONVERSION = YES;
				CLANG_WARN_DIRECT_OBJC_ISA_USAGE = YES_ERROR;
				CLANG_WARN_DOCUMENTATION_COMMENTS = YES;
				CLANG_WARN_EMPTY_BODY = YES;
				CLANG_WARN_ENUM_CONVERSION = YES;
				CLANG_WARN_INFINITE_RECURSION = YES;
				CLANG_WARN_INT_CONVERSION = YES;
				CLANG_WARN_OBJC_ROOT_CLASS = YES_ERROR;
				CLANG_WARN_SUSPICIOUS_MOVE = YES;
				CLANG_WARN_UNREACHABLE_CODE = YES;
				CLANG_WARN__DUPLICATE_METHOD_MATCH = YES;
				"CODE_SIGN_IDENTITY[sdk=iphoneos*]" = "iPhone Developer";
				COPY_PHASE_STRIP = NO;
				DEBUG_INFORMATION_FORMAT = dwarf;
				ENABLE_STRICT_OBJC_MSGSEND = YES;
				ENABLE_TESTABILITY = YES;
				GCC_C_LANGUAGE_STANDARD = gnu99;
				GCC_DYNAMIC_NO_PIC = NO;
				GCC_NO_COMMON_BLOCKS = YES;
				GCC_OPTIMIZATION_LEVEL = 0;
				GCC_PREPROCESSOR_DEFINITIONS = (
					"DEBUG=1",
					"$(inherited)",
				);
				GCC_WARN_64_TO_32_BIT_CONVERSION = YES;
				GCC_WARN_ABOUT_RETURN_TYPE = YES_ERROR;
				GCC_WARN_UNDECLARED_SELECTOR = YES;
				GCC_WARN_UNINITIALIZED_AUTOS = YES_AGGRESSIVE;
				GCC_WARN_UNUSED_FUNCTION = YES;
				GCC_WARN_UNUSED_VARIABLE = YES;
				IPHONEOS_DEPLOYMENT_TARGET = 10.3;
				MTL_ENABLE_DEBUG_INFO = YES;
				ONLY_ACTIVE_ARCH = YES;
				SDKROOT = iphoneos;
			};
			name = Debug;
		};
		18F169C11F1C2D6C00BED1A6 /* Release */ = {
			isa = XCBuildConfiguration;
			buildSettings = {
				ALWAYS_SEARCH_USER_PATHS = NO;
				CLANG_ANALYZER_NONNULL = YES;
				CLANG_ANALYZER_NUMBER_OBJECT_CONVERSION = YES_AGGRESSIVE;
				CLANG_CXX_LANGUAGE_STANDARD = "gnu++0x";
				CLANG_CXX_LIBRARY = "libc++";
				CLANG_ENABLE_MODULES = YES;
				CLANG_ENABLE_OBJC_ARC = YES;
				CLANG_WARN_BOOL_CONVERSION = YES;
				CLANG_WARN_CONSTANT_CONVERSION = YES;
				CLANG_WARN_DIRECT_OBJC_ISA_USAGE = YES_ERROR;
				CLANG_WARN_DOCUMENTATION_COMMENTS = YES;
				CLANG_WARN_EMPTY_BODY = YES;
				CLANG_WARN_ENUM_CONVERSION = YES;
				CLANG_WARN_INFINITE_RECURSION = YES;
				CLANG_WARN_INT_CONVERSION = YES;
				CLANG_WARN_OBJC_ROOT_CLASS = YES_ERROR;
				CLANG_WARN_SUSPICIOUS_MOVE = YES;
				CLANG_WARN_UNREACHABLE_CODE = YES;
				CLANG_WARN__DUPLICATE_METHOD_MATCH = YES;
				"CODE_SIGN_IDENTITY[sdk=iphoneos*]" = "iPhone Developer";
				COPY_PHASE_STRIP = NO;
				DEBUG_INFORMATION_FORMAT = "dwarf-with-dsym";
				ENABLE_NS_ASSERTIONS = NO;
				ENABLE_STRICT_OBJC_MSGSEND = YES;
				GCC_C_LANGUAGE_STANDARD = gnu99;
				GCC_NO_COMMON_BLOCKS = YES;
				GCC_WARN_64_TO_32_BIT_CONVERSION = YES;
				GCC_WARN_ABOUT_RETURN_TYPE = YES_ERROR;
				GCC_WARN_UNDECLARED_SELECTOR = YES;
				GCC_WARN_UNINITIALIZED_AUTOS = YES_AGGRESSIVE;
				GCC_WARN_UNUSED_FUNCTION = YES;
				GCC_WARN_UNUSED_VARIABLE = YES;
				IPHONEOS_DEPLOYMENT_TARGET = 10.3;
				MTL_ENABLE_DEBUG_INFO = NO;
				SDKROOT = iphoneos;
				VALIDATE_PRODUCT = YES;
			};
			name = Release;
		};
		18F169C31F1C2D6C00BED1A6 /* Debug */ = {
			isa = XCBuildConfiguration;
			buildSettings = {
				ASSETCATALOG_COMPILER_APPICON_NAME = AppIcon;
				DEVELOPMENT_TEAM = 8B72FF4J6K;
				INFOPLIST_FILE = "06-导航画线/Info.plist";
				LD_RUNPATH_SEARCH_PATHS = "$(inherited) @executable_path/Frameworks";
				PRODUCT_BUNDLE_IDENTIFIER = "com.dong.-6-----";
				PRODUCT_NAME = "$(TARGET_NAME)";
			};
			name = Debug;
		};
		18F169C41F1C2D6C00BED1A6 /* Release */ = {
			isa = XCBuildConfiguration;
			buildSettings = {
				ASSETCATALOG_COMPILER_APPICON_NAME = AppIcon;
				DEVELOPMENT_TEAM = 8B72FF4J6K;
				INFOPLIST_FILE = "06-导航画线/Info.plist";
				LD_RUNPATH_SEARCH_PATHS = "$(inherited) @executable_path/Frameworks";
				PRODUCT_BUNDLE_IDENTIFIER = "com.dong.-6-----";
				PRODUCT_NAME = "$(TARGET_NAME)";
			};
			name = Release;
		};
/* End XCBuildConfiguration section */

/* Begin XCConfigurationList section */
		18F169A61F1C2D6C00BED1A6 /* Build configuration list for PBXProject "06-导航画线" */ = {
			isa = XCConfigurationList;
			buildConfigurations = (
				18F169C01F1C2D6C00BED1A6 /* Debug */,
				18F169C11F1C2D6C00BED1A6 /* Release */,
			);
			defaultConfigurationIsVisible = 0;
			defaultConfigurationName = Release;
		};
		18F169C21F1C2D6C00BED1A6 /* Build configuration list for PBXNativeTarget "06-导航画线" */ = {
			isa = XCConfigurationList;
			buildConfigurations = (
				18F169C31F1C2D6C00BED1A6 /* Debug */,
				18F169C41F1C2D6C00BED1A6 /* Release */,
			);
			defaultConfigurationIsVisible = 0;
		};
/* End XCConfigurationList section */
	};
	rootObject = 18F169A31F1C2D6C00BED1A6 /* Project object */;
}
